
Microsoft Visual Studio Solution File, Format Version 12.00
# Visual Studio Version 16
VisualStudioVersion = 16.0.810.0
MinimumVisualStudioVersion = 10.0.40219.1
Project("{FAE04EC0-301F-11D3-BF4B-00C04F79EFBC}") = "AkavacheMultipleCachedCalls.Android", "AkavacheMultipleCachedCalls.Android\AkavacheMultipleCachedCalls.Android.csproj", "{8D453508-0EC2-4623-8C59-A1EA0D83F437}"
EndProject
Project("{FAE04EC0-301F-11D3-BF4B-00C04F79EFBC}") = "AkavacheMultipleCachedCalls.iOS", "AkavacheMultipleCachedCalls.iOS\AkavacheMultipleCachedCalls.iOS.csproj", "{12A88BB5-E816-4634-BB08-C47121DDDBD2}"
EndProject
Project("{FAE04EC0-301F-11D3-BF4B-00C04F79EFBC}") = "AkavacheMultipleCachedCalls", "AkavacheMultipleCachedCalls\AkavacheMultipleCachedCalls.csproj", "{A71EEF3E-ACD2-491C-99DB-D3B2EF35848B}"
EndProject
Global
	GlobalSection(SolutionConfigurationPlatforms) = preSolution
		Debug|Any CPU = Debug|Any CPU
		Release|Any CPU = Release|Any CPU
		Debug|iPhoneSimulator = Debug|iPhoneSimulator
		Release|iPhoneSimulator = Release|iPhoneSimulator
		Debug|iPhone = Debug|iPhone
		Release|iPhone = Release|iPhone
	EndGlobalSection
	GlobalSection(ProjectConfigurationPlatforms) = postSolution
		{8D453508-0EC2-4623-8C59-A1EA0D83F437}.Debug|Any CPU.ActiveCfg = Debug|Any CPU
		{8D453508-0EC2-4623-8C59-A1EA0D83F437}.Debug|Any CPU.Build.0 = Debug|Any CPU
		{8D453508-0EC2-4623-8C59-A1EA0D83F437}.Release|Any CPU.ActiveCfg = Release|Any CPU
		{8D453508-0EC2-4623-8C59-A1EA0D83F437}.Release|Any CPU.Build.0 = Release|Any CPU
		{8D453508-0EC2-4623-8C59-A1EA0D83F437}.Debug|iPhoneSimulator.ActiveCfg = Debug|Any CPU
		{8D453508-0EC2-4623-8C59-A1EA0D83F437}.Debug|iPhoneSimulator.Build.0 = Debug|Any CPU
		{8D453508-0EC2-4623-8C59-A1EA0D83F437}.Release|iPhoneSimulator.ActiveCfg = Release|Any CPU
		{8D453508-0EC2-4623-8C59-A1EA0D83F437}.Release|iPhoneSimulator.Build.0 = Release|Any CPU
		{8D453508-0EC2-4623-8C59-A1EA0D83F437}.Debug|iPhone.ActiveCfg = Debug|Any CPU
		{8D453508-0EC2-4623-8C59-A1EA0D83F437}.Debug|iPhone.Build.0 = Debug|Any CPU
		{8D453508-0EC2-4623-8C59-A1EA0D83F437}.Release|iPhone.ActiveCfg = Release|Any CPU
		{8D453508-0EC2-4623-8C59-A1EA0D83F437}.Release|iPhone.Build.0 = Release|Any CPU
		{12A88BB5-E816-4634-BB08-C47121DDDBD2}.Debug|Any CPU.ActiveCfg = Debug|iPhoneSimulator
		{12A88BB5-E816-4634-BB08-C47121DDDBD2}.Debug|Any CPU.Build.0 = Debug|iPhoneSimulator
		{12A88BB5-E816-4634-BB08-C47121DDDBD2}.Release|Any CPU.ActiveCfg = Release|iPhoneSimulator
		{12A88BB5-E816-4634-BB08-C47121DDDBD2}.Release|Any CPU.Build.0 = Release|iPhoneSimulator
		{12A88BB5-E816-4634-BB08-C47121DDDBD2}.Debug|iPhoneSimulator.ActiveCfg = Debug|iPhoneSimulator
		{12A88BB5-E816-4634-BB08-C47121DDDBD2}.Debug|iPhoneSimulator.Build.0 = Debug|iPhoneSimulator
		{12A88BB5-E816-4634-BB08-C47121DDDBD2}.Release|iPhoneSimulator.ActiveCfg = Release|iPhoneSimulator
		{12A88BB5-E816-4634-BB08-C47121DDDBD2}.Release|iPhoneSimulator.Build.0 = Release|iPhoneSimulator
		{12A88BB5-E816-4634-BB08-C47121DDDBD2}.Debug|iPhone.ActiveCfg = Debug|iPhone
		{12A88BB5-E816-4634-BB08-C47121DDDBD2}.Debug|iPhone.Build.0 = Debug|iPhone
		{12A88BB5-E816-4634-BB08-C47121DDDBD2}.Release|iPhone.ActiveCfg = Release|iPhone
		{12A88BB5-E816-4634-BB08-C47121DDDBD2}.Release|iPhone.Build.0 = Release|iPhone
		{A71EEF3E-ACD2-491C-99DB-D3B2EF35848B}.Debug|Any CPU.ActiveCfg = Debug|Any CPU
		{A71EEF3E-ACD2-491C-99DB-D3B2EF35848B}.Debug|Any CPU.Build.0 = Debug|Any CPU
		{A71EEF3E-ACD2-491C-99DB-D3B2EF35848B}.Release|Any CPU.ActiveCfg = Release|Any CPU
		{A71EEF3E-ACD2-491C-99DB-D3B2EF35848B}.Release|Any CPU.Build.0 = Release|Any CPU
		{A71EEF3E-ACD2-491C-99DB-D3B2EF35848B}.Debug|iPhoneSimulator.ActiveCfg = Debug|Any CPU
		{A71EEF3E-ACD2-491C-99DB-D3B2EF35848B}.Debug|iPhoneSimulator.Build.0 = Debug|Any CPU
		{A71EEF3E-ACD2-491C-99DB-D3B2EF35848B}.Release|iPhoneSimulator.ActiveCfg = Release|Any CPU
		{A71EEF3E-ACD2-491C-99DB-D3B2EF35848B}.Release|iPhoneSimulator.Build.0 = Release|Any CPU
		{A71EEF3E-ACD2-491C-99DB-D3B2EF35848B}.Debug|iPhone.ActiveCfg = Debug|Any CPU
		{A71EEF3E-ACD2-491C-99DB-D3B2EF35848B}.Debug|iPhone.Build.0 = Debug|Any CPU
		{A71EEF3E-ACD2-491C-99DB-D3B2EF35848B}.Release|iPhone.ActiveCfg = Release|Any CPU
		{A71EEF3E-ACD2-491C-99DB-D3B2EF35848B}.Release|iPhone.Build.0 = Release|Any CPU
	EndGlobalSection
	GlobalSection(SolutionProperties) = preSolution
		HideSolutionNode = FALSE
	EndGlobalSection
	GlobalSection(ExtensibilityGlobals) = postSolution
		SolutionGuid = {8FB354B8-16EA-40C6-A925-6B407DE898F7}
	EndGlobalSection
EndGlobal
