
Microsoft Visual Studio Solution File, Format Version 12.00
Project("{FAE04EC0-301F-11D3-BF4B-00C04F79EFBC}") = "TouchEffectInsideCarouselViewIssue", "TouchEffectInsideCarouselViewIssue\TouchEffectInsideCarouselViewIssue\TouchEffectInsideCarouselViewIssue.csproj", "{2A43B545-7266-41D5-8C96-A8F646CECD09}"
EndProject
Project("{FAE04EC0-301F-11D3-BF4B-00C04F79EFBC}") = "TouchEffectInsideCarouselViewIssue.Android", "TouchEffectInsideCarouselViewIssue\TouchEffectInsideCarouselViewIssue.Android\TouchEffectInsideCarouselViewIssue.Android.csproj", "{9EE1C415-952C-43C4-996E-8B37D27F943B}"
EndProject
Project("{FAE04EC0-301F-11D3-BF4B-00C04F79EFBC}") = "TouchEffectInsideCarouselViewIssue.iOS", "TouchEffectInsideCarouselViewIssue\TouchEffectInsideCarouselViewIssue.iOS\TouchEffectInsideCarouselViewIssue.iOS.csproj", "{4C07E110-093C-49BA-BA04-C86475A36732}"
EndProject
Global
	GlobalSection(SolutionConfigurationPlatforms) = preSolution
		Ad-Hoc|iPhone = Ad-Hoc|iPhone
		AppStore|iPhone = AppStore|iPhone
		Debug|Any CPU = Debug|Any CPU
		Debug|iPhone = Debug|iPhone
		Debug|iPhoneSimulator = Debug|iPhoneSimulator
		Release|Any CPU = Release|Any CPU
		Release|iPhone = Release|iPhone
		Release|iPhoneSimulator = Release|iPhoneSimulator
	EndGlobalSection
	GlobalSection(ProjectConfigurationPlatforms) = postSolution
		{2A43B545-7266-41D5-8C96-A8F646CECD09}.Ad-Hoc|iPhone.ActiveCfg = Debug|Any CPU
		{2A43B545-7266-41D5-8C96-A8F646CECD09}.Ad-Hoc|iPhone.Build.0 = Debug|Any CPU
		{2A43B545-7266-41D5-8C96-A8F646CECD09}.AppStore|iPhone.ActiveCfg = Debug|Any CPU
		{2A43B545-7266-41D5-8C96-A8F646CECD09}.AppStore|iPhone.Build.0 = Debug|Any CPU
		{2A43B545-7266-41D5-8C96-A8F646CECD09}.Debug|Any CPU.ActiveCfg = Debug|Any CPU
		{2A43B545-7266-41D5-8C96-A8F646CECD09}.Debug|Any CPU.Build.0 = Debug|Any CPU
		{2A43B545-7266-41D5-8C96-A8F646CECD09}.Debug|iPhone.ActiveCfg = Debug|Any CPU
		{2A43B545-7266-41D5-8C96-A8F646CECD09}.Debug|iPhone.Build.0 = Debug|Any CPU
		{2A43B545-7266-41D5-8C96-A8F646CECD09}.Debug|iPhoneSimulator.ActiveCfg = Debug|Any CPU
		{2A43B545-7266-41D5-8C96-A8F646CECD09}.Debug|iPhoneSimulator.Build.0 = Debug|Any CPU
		{2A43B545-7266-41D5-8C96-A8F646CECD09}.Release|Any CPU.ActiveCfg = Release|Any CPU
		{2A43B545-7266-41D5-8C96-A8F646CECD09}.Release|Any CPU.Build.0 = Release|Any CPU
		{2A43B545-7266-41D5-8C96-A8F646CECD09}.Release|iPhone.ActiveCfg = Release|Any CPU
		{2A43B545-7266-41D5-8C96-A8F646CECD09}.Release|iPhone.Build.0 = Release|Any CPU
		{2A43B545-7266-41D5-8C96-A8F646CECD09}.Release|iPhoneSimulator.ActiveCfg = Release|Any CPU
		{2A43B545-7266-41D5-8C96-A8F646CECD09}.Release|iPhoneSimulator.Build.0 = Release|Any CPU
		{9EE1C415-952C-43C4-996E-8B37D27F943B}.Ad-Hoc|iPhone.ActiveCfg = Debug|Any CPU
		{9EE1C415-952C-43C4-996E-8B37D27F943B}.Ad-Hoc|iPhone.Build.0 = Debug|Any CPU
		{9EE1C415-952C-43C4-996E-8B37D27F943B}.Ad-Hoc|iPhone.Deploy.0 = Debug|Any CPU
		{9EE1C415-952C-43C4-996E-8B37D27F943B}.AppStore|iPhone.ActiveCfg = Debug|Any CPU
		{9EE1C415-952C-43C4-996E-8B37D27F943B}.AppStore|iPhone.Build.0 = Debug|Any CPU
		{9EE1C415-952C-43C4-996E-8B37D27F943B}.AppStore|iPhone.Deploy.0 = Debug|Any CPU
		{9EE1C415-952C-43C4-996E-8B37D27F943B}.Debug|Any CPU.ActiveCfg = Debug|Any CPU
		{9EE1C415-952C-43C4-996E-8B37D27F943B}.Debug|Any CPU.Build.0 = Debug|Any CPU
		{9EE1C415-952C-43C4-996E-8B37D27F943B}.Debug|Any CPU.Deploy.0 = Debug|Any CPU
		{9EE1C415-952C-43C4-996E-8B37D27F943B}.Debug|iPhone.ActiveCfg = Debug|Any CPU
		{9EE1C415-952C-43C4-996E-8B37D27F943B}.Debug|iPhone.Build.0 = Debug|Any CPU
		{9EE1C415-952C-43C4-996E-8B37D27F943B}.Debug|iPhone.Deploy.0 = Debug|Any CPU
		{9EE1C415-952C-43C4-996E-8B37D27F943B}.Debug|iPhoneSimulator.ActiveCfg = Debug|Any CPU
		{9EE1C415-952C-43C4-996E-8B37D27F943B}.Debug|iPhoneSimulator.Build.0 = Debug|Any CPU
		{9EE1C415-952C-43C4-996E-8B37D27F943B}.Debug|iPhoneSimulator.Deploy.0 = Debug|Any CPU
		{9EE1C415-952C-43C4-996E-8B37D27F943B}.Release|Any CPU.ActiveCfg = Release|Any CPU
		{9EE1C415-952C-43C4-996E-8B37D27F943B}.Release|Any CPU.Build.0 = Release|Any CPU
		{9EE1C415-952C-43C4-996E-8B37D27F943B}.Release|Any CPU.Deploy.0 = Release|Any CPU
		{9EE1C415-952C-43C4-996E-8B37D27F943B}.Release|iPhone.ActiveCfg = Release|Any CPU
		{9EE1C415-952C-43C4-996E-8B37D27F943B}.Release|iPhone.Build.0 = Release|Any CPU
		{9EE1C415-952C-43C4-996E-8B37D27F943B}.Release|iPhone.Deploy.0 = Release|Any CPU
		{9EE1C415-952C-43C4-996E-8B37D27F943B}.Release|iPhoneSimulator.ActiveCfg = Release|Any CPU
		{9EE1C415-952C-43C4-996E-8B37D27F943B}.Release|iPhoneSimulator.Build.0 = Release|Any CPU
		{9EE1C415-952C-43C4-996E-8B37D27F943B}.Release|iPhoneSimulator.Deploy.0 = Release|Any CPU
		{4C07E110-093C-49BA-BA04-C86475A36732}.Ad-Hoc|iPhone.ActiveCfg = Ad-Hoc|iPhone
		{4C07E110-093C-49BA-BA04-C86475A36732}.Ad-Hoc|iPhone.Build.0 = Ad-Hoc|iPhone
		{4C07E110-093C-49BA-BA04-C86475A36732}.Ad-Hoc|iPhone.Deploy.0 = Ad-Hoc|iPhone
		{4C07E110-093C-49BA-BA04-C86475A36732}.AppStore|iPhone.ActiveCfg = AppStore|iPhone
		{4C07E110-093C-49BA-BA04-C86475A36732}.AppStore|iPhone.Build.0 = AppStore|iPhone
		{4C07E110-093C-49BA-BA04-C86475A36732}.AppStore|iPhone.Deploy.0 = AppStore|iPhone
		{4C07E110-093C-49BA-BA04-C86475A36732}.Debug|Any CPU.ActiveCfg = Debug|iPhoneSimulator
		{4C07E110-093C-49BA-BA04-C86475A36732}.Debug|Any CPU.Build.0 = Debug|iPhoneSimulator
		{4C07E110-093C-49BA-BA04-C86475A36732}.Debug|Any CPU.Deploy.0 = Debug|iPhoneSimulator
		{4C07E110-093C-49BA-BA04-C86475A36732}.Debug|iPhone.ActiveCfg = Debug|iPhone
		{4C07E110-093C-49BA-BA04-C86475A36732}.Debug|iPhone.Build.0 = Debug|iPhone
		{4C07E110-093C-49BA-BA04-C86475A36732}.Debug|iPhone.Deploy.0 = Debug|iPhone
		{4C07E110-093C-49BA-BA04-C86475A36732}.Debug|iPhoneSimulator.ActiveCfg = Debug|iPhoneSimulator
		{4C07E110-093C-49BA-BA04-C86475A36732}.Debug|iPhoneSimulator.Build.0 = Debug|iPhoneSimulator
		{4C07E110-093C-49BA-BA04-C86475A36732}.Debug|iPhoneSimulator.Deploy.0 = Debug|iPhoneSimulator
		{4C07E110-093C-49BA-BA04-C86475A36732}.Release|Any CPU.ActiveCfg = Release|iPhoneSimulator
		{4C07E110-093C-49BA-BA04-C86475A36732}.Release|Any CPU.Build.0 = Release|iPhoneSimulator
		{4C07E110-093C-49BA-BA04-C86475A36732}.Release|Any CPU.Deploy.0 = Release|iPhoneSimulator
		{4C07E110-093C-49BA-BA04-C86475A36732}.Release|iPhone.ActiveCfg = Release|iPhone
		{4C07E110-093C-49BA-BA04-C86475A36732}.Release|iPhone.Build.0 = Release|iPhone
		{4C07E110-093C-49BA-BA04-C86475A36732}.Release|iPhone.Deploy.0 = Release|iPhone
		{4C07E110-093C-49BA-BA04-C86475A36732}.Release|iPhoneSimulator.ActiveCfg = Release|iPhoneSimulator
		{4C07E110-093C-49BA-BA04-C86475A36732}.Release|iPhoneSimulator.Build.0 = Release|iPhoneSimulator
		{4C07E110-093C-49BA-BA04-C86475A36732}.Release|iPhoneSimulator.Deploy.0 = Release|iPhoneSimulator
	EndGlobalSection
EndGlobal
